
Microsoft Visual Studio Solution File, Format Version 12.00
# Visual Studio Version 17
VisualStudioVersion = 17.14.36109.1
MinimumVisualStudioVersion = 10.0.40219.1
Project("{2150E333-8FDC-42A3-9474-1A3956D46DE8}") = "GHR.SharedKernel", "GHR.SharedKernel", "{671CC6B9-C8D6-4C8C-ABA8-9B6032FD2CC6}"
EndProject
Project("{FAE04EC0-301F-11D3-BF4B-00C04F79EFBC}") = "GHR.SharedKernel", "SharedKernel\GHR.SharedKernel.csproj", "{57414928-2AA1-40B8-B38E-817D335AE486}"
EndProject
Project("{2150E333-8FDC-42A3-9474-1A3956D46DE8}") = "GHR.Ocelot", "GHR.Ocelot", "{8936E41D-56F4-4D79-A5A4-EBC9A6766700}"
EndProject
Project("{FAE04EC0-301F-11D3-BF4B-00C04F79EFBC}") = "OcelotApiGateway", "OcelotApiGateway\OcelotApiGateway.csproj", "{B81826A8-5C3D-4063-9F7A-9A5A9863BC45}"
EndProject
Project("{2150E333-8FDC-42A3-9474-1A3956D46DE8}") = "GHR.HelpDesk", "GHR.HelpDesk", "{0A86A46E-ACF0-4C1B-A60D-7FA2DD1D2E11}"
EndProject
Project("{FAE04EC0-301F-11D3-BF4B-00C04F79EFBC}") = "GHR.HelpDesk", "GHR.HelpDesk\GHR.HelpDesk.csproj", "{9C04927E-58BC-443E-A657-8D83352C4CF6}"
EndProject
Project("{FAE04EC0-301F-11D3-BF4B-00C04F79EFBC}") = "IdentityServer", "GHR.IdentityServer\IdentityServer.csproj", "{699D8489-6EF2-F7F8-FFA5-B7B315E33C56}"
EndProject
Global
	GlobalSection(SolutionConfigurationPlatforms) = preSolution
		Debug|Any CPU = Debug|Any CPU
		Release|Any CPU = Release|Any CPU
	EndGlobalSection
	GlobalSection(ProjectConfigurationPlatforms) = postSolution
		{57414928-2AA1-40B8-B38E-817D335AE486}.Debug|Any CPU.ActiveCfg = Debug|Any CPU
		{57414928-2AA1-40B8-B38E-817D335AE486}.Debug|Any CPU.Build.0 = Debug|Any CPU
		{57414928-2AA1-40B8-B38E-817D335AE486}.Release|Any CPU.ActiveCfg = Release|Any CPU
		{57414928-2AA1-40B8-B38E-817D335AE486}.Release|Any CPU.Build.0 = Release|Any CPU
		{B81826A8-5C3D-4063-9F7A-9A5A9863BC45}.Debug|Any CPU.ActiveCfg = Debug|Any CPU
		{B81826A8-5C3D-4063-9F7A-9A5A9863BC45}.Debug|Any CPU.Build.0 = Debug|Any CPU
		{B81826A8-5C3D-4063-9F7A-9A5A9863BC45}.Release|Any CPU.ActiveCfg = Release|Any CPU
		{B81826A8-5C3D-4063-9F7A-9A5A9863BC45}.Release|Any CPU.Build.0 = Release|Any CPU
		{9C04927E-58BC-443E-A657-8D83352C4CF6}.Debug|Any CPU.ActiveCfg = Debug|Any CPU
		{9C04927E-58BC-443E-A657-8D83352C4CF6}.Debug|Any CPU.Build.0 = Debug|Any CPU
		{9C04927E-58BC-443E-A657-8D83352C4CF6}.Release|Any CPU.ActiveCfg = Release|Any CPU
		{9C04927E-58BC-443E-A657-8D83352C4CF6}.Release|Any CPU.Build.0 = Release|Any CPU
		{699D8489-6EF2-F7F8-FFA5-B7B315E33C56}.Debug|Any CPU.ActiveCfg = Debug|Any CPU
		{699D8489-6EF2-F7F8-FFA5-B7B315E33C56}.Debug|Any CPU.Build.0 = Debug|Any CPU
		{699D8489-6EF2-F7F8-FFA5-B7B315E33C56}.Release|Any CPU.ActiveCfg = Release|Any CPU
		{699D8489-6EF2-F7F8-FFA5-B7B315E33C56}.Release|Any CPU.Build.0 = Release|Any CPU
	EndGlobalSection
	GlobalSection(SolutionProperties) = preSolution
		HideSolutionNode = FALSE
	EndGlobalSection
	GlobalSection(NestedProjects) = preSolution
		{57414928-2AA1-40B8-B38E-817D335AE486} = {671CC6B9-C8D6-4C8C-ABA8-9B6032FD2CC6}
		{B81826A8-5C3D-4063-9F7A-9A5A9863BC45} = {8936E41D-56F4-4D79-A5A4-EBC9A6766700}
		{9C04927E-58BC-443E-A657-8D83352C4CF6} = {0A86A46E-ACF0-4C1B-A60D-7FA2DD1D2E11}
	EndGlobalSection
	GlobalSection(ExtensibilityGlobals) = postSolution
		SolutionGuid = {BC485270-F995-4C95-BE73-8B2BFFECB5CD}
	EndGlobalSection
EndGlobal
